{
  "name": "SOEN390-Team-18-Covid-App",
  "lockfileVersion": 2,
  "requires": true,
  "packages": {
    "": {
      "dependencies": {
        "@syncfusion/ej2-react-calendars": "^19.4.56",
        "react-icons": "^4.3.1"
      }
    },
    "node_modules/@syncfusion/ej2-base": {
      "version": "19.4.52",
      "resolved": "https://registry.npmjs.org/@syncfusion/ej2-base/-/ej2-base-19.4.52.tgz",
      "integrity": "sha512-BMJGjscgl5CGpWQW1y1osv+rcKBPYgPBpSfz8FA0XcqhL6wNjGomALmxHznk7QGWC/4bdUhx6AKsGHutMGm/PA==",
      "dependencies": {
        "@syncfusion/ej2-icons": "~19.4.52"
      }
    },
    "node_modules/@syncfusion/ej2-buttons": {
      "version": "19.4.55",
      "resolved": "https://registry.npmjs.org/@syncfusion/ej2-buttons/-/ej2-buttons-19.4.55.tgz",
      "integrity": "sha512-Ebvh5GfvOEQaB51EI6a9Cfrmkfmu9gbPeRmLPkXZPEokUSxIqyCP216Nm8NlOeEK3EbPxrOy/L1X9m1nOBM40Q==",
      "dependencies": {
        "@syncfusion/ej2-base": "~19.4.52"
      }
    },
    "node_modules/@syncfusion/ej2-calendars": {
      "version": "19.4.56",
      "resolved": "https://registry.npmjs.org/@syncfusion/ej2-calendars/-/ej2-calendars-19.4.56.tgz",
      "integrity": "sha512-QeBsu2OgJF4ZIRjP4H5U27Ge5nTAYC77r4wo4udb7Z8qTQzuhH/J0b6Jj3g3ptxGUUjzLDOL7OpONRnsXzC3JA==",
      "dependencies": {
        "@syncfusion/ej2-base": "~19.4.52",
        "@syncfusion/ej2-buttons": "~19.4.55",
        "@syncfusion/ej2-inputs": "~19.4.52",
        "@syncfusion/ej2-lists": "~19.4.55",
        "@syncfusion/ej2-popups": "~19.4.53"
      }
    },
    "node_modules/@syncfusion/ej2-data": {
      "version": "19.4.54",
      "resolved": "https://registry.npmjs.org/@syncfusion/ej2-data/-/ej2-data-19.4.54.tgz",
      "integrity": "sha512-btJDjKepcaVGtNqVoblhYFhx4sAW1ju+Nq1CBPn4kO0AtRPBQ3Gi47uQgsstkxNMDrv+UG1hNi7PhHpPNOtwUQ==",
      "dependencies": {
        "@syncfusion/ej2-base": "~19.4.52"
      }
    },
    "node_modules/@syncfusion/ej2-icons": {
      "version": "19.4.52",
      "resolved": "https://registry.npmjs.org/@syncfusion/ej2-icons/-/ej2-icons-19.4.52.tgz",
      "integrity": "sha512-hkEvuVA/soEdqFwFSGbj2Z9u6Ajb+4HZNYIKtw6aCwjn/FE5vFuGMFBdkLEX9BRkUl/e/uvyP6/TKBM/nfkY8A=="
    },
    "node_modules/@syncfusion/ej2-inputs": {
      "version": "19.4.52",
      "resolved": "https://registry.npmjs.org/@syncfusion/ej2-inputs/-/ej2-inputs-19.4.52.tgz",
      "integrity": "sha512-141wT1W8DbXM50A1RVHOtruCyPncF6CDOU8RdhtFx9ydbXvbSXH+2i+vKr8UK23qC07z8+YB8/wV7ZAQ5vI0Bw==",
      "dependencies": {
        "@syncfusion/ej2-base": "~19.4.52",
        "@syncfusion/ej2-buttons": "~19.4.52",
        "@syncfusion/ej2-popups": "~19.4.52",
        "@syncfusion/ej2-splitbuttons": "~19.4.52"
      }
    },
    "node_modules/@syncfusion/ej2-lists": {
      "version": "19.4.55",
      "resolved": "https://registry.npmjs.org/@syncfusion/ej2-lists/-/ej2-lists-19.4.55.tgz",
      "integrity": "sha512-EGAcCc2mFOt99oOuT+wXSPEiyfiyHoBSJnAW5pvdCU1mI7FYcArCPVNLY5ynCgngQ7Ih0XxFPkuzEC0qmwlokA==",
      "dependencies": {
        "@syncfusion/ej2-base": "~19.4.52",
        "@syncfusion/ej2-buttons": "~19.4.55",
        "@syncfusion/ej2-data": "~19.4.54"
      }
    },
    "node_modules/@syncfusion/ej2-popups": {
      "version": "19.4.53",
      "resolved": "https://registry.npmjs.org/@syncfusion/ej2-popups/-/ej2-popups-19.4.53.tgz",
      "integrity": "sha512-B0Uen6IFsmPR3Ws8NIIszJ2ECpWrH7VFCqcGL1DQnp9tm6+iEafv84ziffVoC4nGj2mHaHl7tNSoZTnOo/TcgQ==",
      "dependencies": {
        "@syncfusion/ej2-base": "~19.4.52",
        "@syncfusion/ej2-buttons": "~19.4.53"
      }
    },
    "node_modules/@syncfusion/ej2-react-base": {
      "version": "19.4.56",
      "resolved": "https://registry.npmjs.org/@syncfusion/ej2-react-base/-/ej2-react-base-19.4.56.tgz",
      "integrity": "sha512-mi1OKYgGfOe2MKcnMBuioYbdJea4IXCbFvUxG1WEZI5n3t6CxKH4ZWum7IgBO1kcTkaCdhs8Aj0ACFXUFmOwOQ==",
      "dependencies": {
        "@syncfusion/ej2-base": "~19.4.52"
      }
    },
    "node_modules/@syncfusion/ej2-react-calendars": {
      "version": "19.4.56",
      "resolved": "https://registry.npmjs.org/@syncfusion/ej2-react-calendars/-/ej2-react-calendars-19.4.56.tgz",
      "integrity": "sha512-o5bNc+hct5Jj/8CwvflYxUExddP0gkXpNsXNw3iGu2GCTGEnZ/Xb6OVXv8ammrCcB/Ck8vEliNTOKAEqdMLslA==",
      "dependencies": {
        "@syncfusion/ej2-base": "~19.4.52",
        "@syncfusion/ej2-calendars": "19.4.56",
        "@syncfusion/ej2-react-base": "~19.4.56"
      }
    },
    "node_modules/@syncfusion/ej2-splitbuttons": {
      "version": "19.4.52",
      "resolved": "https://registry.npmjs.org/@syncfusion/ej2-splitbuttons/-/ej2-splitbuttons-19.4.52.tgz",
      "integrity": "sha512-EmUh/3gwW04nCF/0UUfS6w3nl6Sy62ysPFqzwFTu9972DHr4R5W7t147PMJnFRa9Q0i/ud5a9/jERU7quaxBDw==",
      "dependencies": {
        "@syncfusion/ej2-base": "~19.4.52",
        "@syncfusion/ej2-popups": "~19.4.52"
      }
    },
    "node_modules/js-tokens": {
      "version": "4.0.0",
      "resolved": "https://registry.npmjs.org/js-tokens/-/js-tokens-4.0.0.tgz",
      "integrity": "sha512-RdJUflcE3cUzKiMqQgsCu06FPu9UdIJO0beYbPhHN4k6apgJtifcoCtT9bcxOpYBtpD2kCM6Sbzg4CausW/PKQ==",
      "peer": true
    },
    "node_modules/loose-envify": {
      "version": "1.4.0",
      "resolved": "https://registry.npmjs.org/loose-envify/-/loose-envify-1.4.0.tgz",
      "integrity": "sha512-lyuxPGr/Wfhrlem2CL/UcnUc1zcqKAImBDzukY7Y5F/yQiNdko6+fRLevlw1HgMySw7f611UIY408EtxRSoK3Q==",
      "peer": true,
      "dependencies": {
        "js-tokens": "^3.0.0 || ^4.0.0"
      },
      "bin": {
        "loose-envify": "cli.js"
      }
    },
    "node_modules/object-assign": {
      "version": "4.1.1",
      "resolved": "https://registry.npmjs.org/object-assign/-/object-assign-4.1.1.tgz",
      "integrity": "sha1-IQmtx5ZYh8/AXLvUQsrIv7s2CGM=",
      "peer": true,
      "engines": {
        "node": ">=0.10.0"
      }
    },
    "node_modules/react": {
      "version": "17.0.2",
      "resolved": "https://registry.npmjs.org/react/-/react-17.0.2.tgz",
      "integrity": "sha512-gnhPt75i/dq/z3/6q/0asP78D0u592D5L1pd7M8P+dck6Fu/jJeL6iVVK23fptSUZj8Vjf++7wXA8UNclGQcbA==",
      "peer": true,
      "dependencies": {
        "loose-envify": "^1.1.0",
        "object-assign": "^4.1.1"
      },
      "engines": {
        "node": ">=0.10.0"
      }
    },
    "node_modules/react-icons": {
      "version": "4.3.1",
      "resolved": "https://registry.npmjs.org/react-icons/-/react-icons-4.3.1.tgz",
      "integrity": "sha512-cB10MXLTs3gVuXimblAdI71jrJx8njrJZmNMEMC+sQu5B/BIOmlsAjskdqpn81y8UBVEGuHODd7/ci5DvoSzTQ==",
      "peerDependencies": {
        "react": "*"
      }
    }
  },
  "dependencies": {
    "@syncfusion/ej2-base": {
      "version": "19.4.52",
      "resolved": "https://registry.npmjs.org/@syncfusion/ej2-base/-/ej2-base-19.4.52.tgz",
      "integrity": "sha512-BMJGjscgl5CGpWQW1y1osv+rcKBPYgPBpSfz8FA0XcqhL6wNjGomALmxHznk7QGWC/4bdUhx6AKsGHutMGm/PA==",
      "requires": {
        "@syncfusion/ej2-icons": "~19.4.52"
      }
    },
    "@syncfusion/ej2-buttons": {
      "version": "19.4.55",
      "resolved": "https://registry.npmjs.org/@syncfusion/ej2-buttons/-/ej2-buttons-19.4.55.tgz",
      "integrity": "sha512-Ebvh5GfvOEQaB51EI6a9Cfrmkfmu9gbPeRmLPkXZPEokUSxIqyCP216Nm8NlOeEK3EbPxrOy/L1X9m1nOBM40Q==",
      "requires": {
        "@syncfusion/ej2-base": "~19.4.52"
      }
    },
    "@syncfusion/ej2-calendars": {
      "version": "19.4.56",
      "resolved": "https://registry.npmjs.org/@syncfusion/ej2-calendars/-/ej2-calendars-19.4.56.tgz",
      "integrity": "sha512-QeBsu2OgJF4ZIRjP4H5U27Ge5nTAYC77r4wo4udb7Z8qTQzuhH/J0b6Jj3g3ptxGUUjzLDOL7OpONRnsXzC3JA==",
      "requires": {
        "@syncfusion/ej2-base": "~19.4.52",
        "@syncfusion/ej2-buttons": "~19.4.55",
        "@syncfusion/ej2-inputs": "~19.4.52",
        "@syncfusion/ej2-lists": "~19.4.55",
        "@syncfusion/ej2-popups": "~19.4.53"
      }
    },
    "@syncfusion/ej2-data": {
      "version": "19.4.54",
      "resolved": "https://registry.npmjs.org/@syncfusion/ej2-data/-/ej2-data-19.4.54.tgz",
      "integrity": "sha512-btJDjKepcaVGtNqVoblhYFhx4sAW1ju+Nq1CBPn4kO0AtRPBQ3Gi47uQgsstkxNMDrv+UG1hNi7PhHpPNOtwUQ==",
      "requires": {
        "@syncfusion/ej2-base": "~19.4.52"
      }
    },
    "@syncfusion/ej2-icons": {
      "version": "19.4.52",
      "resolved": "https://registry.npmjs.org/@syncfusion/ej2-icons/-/ej2-icons-19.4.52.tgz",
      "integrity": "sha512-hkEvuVA/soEdqFwFSGbj2Z9u6Ajb+4HZNYIKtw6aCwjn/FE5vFuGMFBdkLEX9BRkUl/e/uvyP6/TKBM/nfkY8A=="
    },
    "@syncfusion/ej2-inputs": {
      "version": "19.4.52",
      "resolved": "https://registry.npmjs.org/@syncfusion/ej2-inputs/-/ej2-inputs-19.4.52.tgz",
      "integrity": "sha512-141wT1W8DbXM50A1RVHOtruCyPncF6CDOU8RdhtFx9ydbXvbSXH+2i+vKr8UK23qC07z8+YB8/wV7ZAQ5vI0Bw==",
      "requires": {
        "@syncfusion/ej2-base": "~19.4.52",
        "@syncfusion/ej2-buttons": "~19.4.52",
        "@syncfusion/ej2-popups": "~19.4.52",
        "@syncfusion/ej2-splitbuttons": "~19.4.52"
      }
    },
    "@syncfusion/ej2-lists": {
      "version": "19.4.55",
      "resolved": "https://registry.npmjs.org/@syncfusion/ej2-lists/-/ej2-lists-19.4.55.tgz",
      "integrity": "sha512-EGAcCc2mFOt99oOuT+wXSPEiyfiyHoBSJnAW5pvdCU1mI7FYcArCPVNLY5ynCgngQ7Ih0XxFPkuzEC0qmwlokA==",
      "requires": {
        "@syncfusion/ej2-base": "~19.4.52",
        "@syncfusion/ej2-buttons": "~19.4.55",
        "@syncfusion/ej2-data": "~19.4.54"
      }
    },
    "@syncfusion/ej2-popups": {
      "version": "19.4.53",
      "resolved": "https://registry.npmjs.org/@syncfusion/ej2-popups/-/ej2-popups-19.4.53.tgz",
      "integrity": "sha512-B0Uen6IFsmPR3Ws8NIIszJ2ECpWrH7VFCqcGL1DQnp9tm6+iEafv84ziffVoC4nGj2mHaHl7tNSoZTnOo/TcgQ==",
      "requires": {
        "@syncfusion/ej2-base": "~19.4.52",
        "@syncfusion/ej2-buttons": "~19.4.53"
      }
    },
    "@syncfusion/ej2-react-base": {
      "version": "19.4.56",
      "resolved": "https://registry.npmjs.org/@syncfusion/ej2-react-base/-/ej2-react-base-19.4.56.tgz",
      "integrity": "sha512-mi1OKYgGfOe2MKcnMBuioYbdJea4IXCbFvUxG1WEZI5n3t6CxKH4ZWum7IgBO1kcTkaCdhs8Aj0ACFXUFmOwOQ==",
      "requires": {
        "@syncfusion/ej2-base": "~19.4.52"
      }
    },
    "@syncfusion/ej2-react-calendars": {
      "version": "19.4.56",
      "resolved": "https://registry.npmjs.org/@syncfusion/ej2-react-calendars/-/ej2-react-calendars-19.4.56.tgz",
      "integrity": "sha512-o5bNc+hct5Jj/8CwvflYxUExddP0gkXpNsXNw3iGu2GCTGEnZ/Xb6OVXv8ammrCcB/Ck8vEliNTOKAEqdMLslA==",
      "requires": {
        "@syncfusion/ej2-base": "~19.4.52",
        "@syncfusion/ej2-calendars": "19.4.56",
        "@syncfusion/ej2-react-base": "~19.4.56"
      }
    },
    "@syncfusion/ej2-splitbuttons": {
      "version": "19.4.52",
      "resolved": "https://registry.npmjs.org/@syncfusion/ej2-splitbuttons/-/ej2-splitbuttons-19.4.52.tgz",
      "integrity": "sha512-EmUh/3gwW04nCF/0UUfS6w3nl6Sy62ysPFqzwFTu9972DHr4R5W7t147PMJnFRa9Q0i/ud5a9/jERU7quaxBDw==",
      "requires": {
        "@syncfusion/ej2-base": "~19.4.52",
        "@syncfusion/ej2-popups": "~19.4.52"
      }
    },
    "js-tokens": {
      "version": "4.0.0",
      "resolved": "https://registry.npmjs.org/js-tokens/-/js-tokens-4.0.0.tgz",
      "integrity": "sha512-RdJUflcE3cUzKiMqQgsCu06FPu9UdIJO0beYbPhHN4k6apgJtifcoCtT9bcxOpYBtpD2kCM6Sbzg4CausW/PKQ==",
      "peer": true
    },
    "loose-envify": {
      "version": "1.4.0",
      "resolved": "https://registry.npmjs.org/loose-envify/-/loose-envify-1.4.0.tgz",
      "integrity": "sha512-lyuxPGr/Wfhrlem2CL/UcnUc1zcqKAImBDzukY7Y5F/yQiNdko6+fRLevlw1HgMySw7f611UIY408EtxRSoK3Q==",
      "peer": true,
      "requires": {
        "js-tokens": "^3.0.0 || ^4.0.0"
      }
    },
    "object-assign": {
      "version": "4.1.1",
      "resolved": "https://registry.npmjs.org/object-assign/-/object-assign-4.1.1.tgz",
      "integrity": "sha1-IQmtx5ZYh8/AXLvUQsrIv7s2CGM=",
      "peer": true
    },
    "react": {
      "version": "17.0.2",
      "resolved": "https://registry.npmjs.org/react/-/react-17.0.2.tgz",
      "integrity": "sha512-gnhPt75i/dq/z3/6q/0asP78D0u592D5L1pd7M8P+dck6Fu/jJeL6iVVK23fptSUZj8Vjf++7wXA8UNclGQcbA==",
      "peer": true,
      "requires": {
        "loose-envify": "^1.1.0",
        "object-assign": "^4.1.1"
      }
    },
    "react-icons": {
      "version": "4.3.1",
      "resolved": "https://registry.npmjs.org/react-icons/-/react-icons-4.3.1.tgz",
      "integrity": "sha512-cB10MXLTs3gVuXimblAdI71jrJx8njrJZmNMEMC+sQu5B/BIOmlsAjskdqpn81y8UBVEGuHODd7/ci5DvoSzTQ==",
      "requires": {}
    }
  }
}
